
Microsoft Visual Studio Solution File, Format Version 12.00
# Visual Studio Version 17
VisualStudioVersion = 17.0.31903.59
MinimumVisualStudioVersion = 10.0.40219.1
Project("{FAE04EC0-301F-11D3-BF4B-00C04F79EFBC}") = "InmobiliaryMgmt.Domain", "InmobiliaryMgmt.Domain\InmobiliaryMgmt.Domain.csproj", "{55CC211A-ED6B-4494-84C4-EDF66E6CE375}"
EndProject
Project("{FAE04EC0-301F-11D3-BF4B-00C04F79EFBC}") = "InmobiliaryMgmt.Infrastructure", "InmobiliaryMgmt.Infrastructure\InmobiliaryMgmt.Infrastructure.csproj", "{2DB23C1C-720A-40AC-9C47-654FC1AB32CF}"
EndProject
Project("{FAE04EC0-301F-11D3-BF4B-00C04F79EFBC}") = "InmobiliaryMgmt.Application", "InmobiliaryMgmt.Application\InmobiliaryMgmt.Application.csproj", "{4C97BB1E-7224-4481-969C-B935F0BCDD7C}"
EndProject
Project("{FAE04EC0-301F-11D3-BF4B-00C04F79EFBC}") = "InmobiliaryMgmt.Api", "InmobiliaryMgmt.Api\InmobiliaryMgmt.Api.csproj", "{1CA92469-3B9B-4FF1-AEE5-31136084E0E0}"
EndProject
Project("{2150E333-8FDC-42A3-9474-1A3956D46DE8}") = "Solution Items", "Solution Items", "{9E2CDF96-A6C7-465B-B93C-E9F1D7281C96}"
EndProject
Project("{2150E333-8FDC-42A3-9474-1A3956D46DE8}") = "DockerCompose", "DockerCompose", "{5CCE5AEA-9812-40FC-949E-F5CF375636DB}"
EndProject
Global
	GlobalSection(SolutionConfigurationPlatforms) = preSolution
		Debug|Any CPU = Debug|Any CPU
		Release|Any CPU = Release|Any CPU
	EndGlobalSection
	GlobalSection(SolutionProperties) = preSolution
		HideSolutionNode = FALSE
	EndGlobalSection
	GlobalSection(ProjectConfigurationPlatforms) = postSolution
		{55CC211A-ED6B-4494-84C4-EDF66E6CE375}.Debug|Any CPU.ActiveCfg = Debug|Any CPU
		{55CC211A-ED6B-4494-84C4-EDF66E6CE375}.Debug|Any CPU.Build.0 = Debug|Any CPU
		{55CC211A-ED6B-4494-84C4-EDF66E6CE375}.Release|Any CPU.ActiveCfg = Release|Any CPU
		{55CC211A-ED6B-4494-84C4-EDF66E6CE375}.Release|Any CPU.Build.0 = Release|Any CPU
		{2DB23C1C-720A-40AC-9C47-654FC1AB32CF}.Debug|Any CPU.ActiveCfg = Debug|Any CPU
		{2DB23C1C-720A-40AC-9C47-654FC1AB32CF}.Debug|Any CPU.Build.0 = Debug|Any CPU
		{2DB23C1C-720A-40AC-9C47-654FC1AB32CF}.Release|Any CPU.ActiveCfg = Release|Any CPU
		{2DB23C1C-720A-40AC-9C47-654FC1AB32CF}.Release|Any CPU.Build.0 = Release|Any CPU
		{4C97BB1E-7224-4481-969C-B935F0BCDD7C}.Debug|Any CPU.ActiveCfg = Debug|Any CPU
		{4C97BB1E-7224-4481-969C-B935F0BCDD7C}.Debug|Any CPU.Build.0 = Debug|Any CPU
		{4C97BB1E-7224-4481-969C-B935F0BCDD7C}.Release|Any CPU.ActiveCfg = Release|Any CPU
		{4C97BB1E-7224-4481-969C-B935F0BCDD7C}.Release|Any CPU.Build.0 = Release|Any CPU
		{1CA92469-3B9B-4FF1-AEE5-31136084E0E0}.Debug|Any CPU.ActiveCfg = Debug|Any CPU
		{1CA92469-3B9B-4FF1-AEE5-31136084E0E0}.Debug|Any CPU.Build.0 = Debug|Any CPU
		{1CA92469-3B9B-4FF1-AEE5-31136084E0E0}.Release|Any CPU.ActiveCfg = Release|Any CPU
		{1CA92469-3B9B-4FF1-AEE5-31136084E0E0}.Release|Any CPU.Build.0 = Release|Any CPU
	EndGlobalSection
EndGlobal
